
Microsoft Visual Studio Solution File, Format Version 12.00
# Visual Studio Version 16
VisualStudioVersion = 16.0.29102.190
MinimumVisualStudioVersion = 10.0.40219.1
Project("{888888A0-9F3D-457C-B088-3A5042F75D52}") = "git", "git.pyproj", "{77A31ABB-E572-4EB7-B7E5-FA399DBE9281}"
EndProject
Global
	GlobalSection(SolutionConfigurationPlatforms) = preSolution
		Debug|Any CPU = Debug|Any CPU
		Release|Any CPU = Release|Any CPU
	EndGlobalSection
	GlobalSection(ProjectConfigurationPlatforms) = postSolution
		{77A31ABB-E572-4EB7-B7E5-FA399DBE9281}.Debug|Any CPU.ActiveCfg = Debug|Any CPU
		{77A31ABB-E572-4EB7-B7E5-FA399DBE9281}.Release|Any CPU.ActiveCfg = Release|Any CPU
	EndGlobalSection
	GlobalSection(SolutionProperties) = preSolution
		HideSolutionNode = FALSE
	EndGlobalSection
	GlobalSection(ExtensibilityGlobals) = postSolution
		SolutionGuid = {F9BCA990-A7FA-4CC6-A64E-21C92E3765B6}
	EndGlobalSection
EndGlobal
